<?xml version="1.0" encoding="utf-8"?>
<Project ToolsVersion="4.0" xmlns="http://schemas.microsoft.com/developer/msbuild/2003">
  <ItemGroup>
    <Filter Include="Source Files">
      <UniqueIdentifier>{d751ae5a-40cb-44ec-beaa-13131d33847e}</UniqueIdentifier>
      <Extensions>cpp;c;cxx;rc;def;r;odl;idl;hpj;bat</Extensions>
    </Filter>
    <Filter Include="Header Files">
      <UniqueIdentifier>{eb9c805b-2e73-4e0d-977d-e935531f68b2}</UniqueIdentifier>
      <Extensions>h;hpp;hxx;hm;inl</Extensions>
    </Filter>
    <Filter Include="Source Files\LangModels">
      <UniqueIdentifier>{c7386344-9756-4af8-b0d2-defe61ca935b}</UniqueIdentifier>
    </Filter>
  </ItemGroup>
  <ItemGroup>
    <ClInclude Include="src\nsPkgInt.h">
      <Filter>Header Files</Filter>
    </ClInclude>
    <ClInclude Include="src\nsSBCharSetProber.h">
      <Filter>Header Files</Filter>
    </ClInclude>
    <ClInclude Include="src\nsSBCSGroupProber.h">
      <Filter>Header Files</Filter>
    </ClInclude>
    <ClInclude Include="src\nsSJISProber.h">
      <Filter>Header Files</Filter>
    </ClInclude>
    <ClInclude Include="src\nsUniversalDetector.h">
      <Filter>Header Files</Filter>
    </ClInclude>
    <ClInclude Include="src\nsUTF8Prober.h">
      <Filter>Header Files</Filter>
    </ClInclude>
    <ClInclude Include="src\prmem.h">
      <Filter>Header Files</Filter>
    </ClInclude>
    <ClInclude Include="src\uchardet.h">
      <Filter>Header Files</Filter>
    </ClInclude>
    <ClInclude Include="src\CharDistribution.h">
      <Filter>Header Files</Filter>
    </ClInclude>
    <ClInclude Include="src\JpCntx.h">
      <Filter>Header Files</Filter>
    </ClInclude>
    <ClInclude Include="src\nsBig5Prober.h">
      <Filter>Header Files</Filter>
    </ClInclude>
    <ClInclude Include="src\nsCharSetProber.h">
      <Filter>Header Files</Filter>
    </ClInclude>
    <ClInclude Include="src\nsCodingStateMachine.h">
      <Filter>Header Files</Filter>
    </ClInclude>
    <ClInclude Include="src\nscore.h">
      <Filter>Header Files</Filter>
    </ClInclude>
    <ClInclude Include="src\nsEscCharsetProber.h">
      <Filter>Header Files</Filter>
    </ClInclude>
    <ClInclude Include="src\nsEUCJPProber.h">
      <Filter>Header Files</Filter>
    </ClInclude>
    <ClInclude Include="src\nsEUCKRProber.h">
      <Filter>Header Files</Filter>
    </ClInclude>
    <ClInclude Include="src\nsEUCTWProber.h">
      <Filter>Header Files</Filter>
    </ClInclude>
    <ClInclude Include="src\nsGB2312Prober.h">
      <Filter>Header Files</Filter>
    </ClInclude>
    <ClInclude Include="src\nsHebrewProber.h">
      <Filter>Header Files</Filter>
    </ClInclude>
    <ClInclude Include="src\nsLatin1Prober.h">
      <Filter>Header Files</Filter>
    </ClInclude>
    <ClInclude Include="src\nsMBCSGroupProber.h">
      <Filter>Header Files</Filter>
    </ClInclude>
  </ItemGroup>
  <ItemGroup>
    <ClCompile Include="src\CharDistribution.cpp">
      <Filter>Source Files</Filter>
    </ClCompile>
    <ClCompile Include="src\JpCntx.cpp">
      <Filter>Source Files</Filter>
    </ClCompile>
    <ClCompile Include="src\nsBig5Prober.cpp">
      <Filter>Source Files</Filter>
    </ClCompile>
    <ClCompile Include="src\nsCharSetProber.cpp">
      <Filter>Source Files</Filter>
    </ClCompile>
    <ClCompile Include="src\nsEscCharsetProber.cpp">
      <Filter>Source Files</Filter>
    </ClCompile>
    <ClCompile Include="src\nsEscSM.cpp">
      <Filter>Source Files</Filter>
    </ClCompile>
    <ClCompile Include="src\nsEUCJPProber.cpp">
      <Filter>Source Files</Filter>
    </ClCompile>
    <ClCompile Include="src\nsEUCKRProber.cpp">
      <Filter>Source Files</Filter>
    </ClCompile>
    <ClCompile Include="src\nsEUCTWProber.cpp">
      <Filter>Source Files</Filter>
    </ClCompile>
    <ClCompile Include="src\nsGB2312Prober.cpp">
      <Filter>Source Files</Filter>
    </ClCompile>
    <ClCompile Include="src\nsHebrewProber.cpp">
      <Filter>Source Files</Filter>
    </ClCompile>
    <ClCompile Include="src\nsLatin1Prober.cpp">
      <Filter>Source Files</Filter>
    </ClCompile>
    <ClCompile Include="src\nsMBCSGroupProber.cpp">
      <Filter>Source Files</Filter>
    </ClCompile>
    <ClCompile Include="src\nsMBCSSM.cpp">
      <Filter>Source Files</Filter>
    </ClCompile>
    <ClCompile Include="src\nsSBCharSetProber.cpp">
      <Filter>Source Files</Filter>
    </ClCompile>
    <ClCompile Include="src\nsSBCSGroupProber.cpp">
      <Filter>Source Files</Filter>
    </ClCompile>
    <ClCompile Include="src\nsSJISProber.cpp">
      <Filter>Source Files</Filter>
    </ClCompile>
    <ClCompile Include="src\nsUniversalDetector.cpp">
      <Filter>Source Files</Filter>
    </ClCompile>
    <ClCompile Include="src\nsUTF8Prober.cpp">
      <Filter>Source Files</Filter>
    </ClCompile>
    <ClCompile Include="src\uchardet.cpp">
      <Filter>Source Files</Filter>
    </ClCompile>
    <ClCompile Include="src\LangModels\LangIrishModel.cpp">
      <Filter>Source Files\LangModels</Filter>
    </ClCompile>
    <ClCompile Include="src\LangModels\LangItalianModel.cpp">
      <Filter>Source Files\LangModels</Filter>
    </ClCompile>
    <ClCompile Include="src\LangModels\LangLatvianModel.cpp">
      <Filter>Source Files\LangModels</Filter>
    </ClCompile>
    <ClCompile Include="src\LangModels\LangLithuanianModel.cpp">
      <Filter>Source Files\LangModels</Filter>
    </ClCompile>
    <ClCompile Include="src\LangModels\LangMalteseModel.cpp">
      <Filter>Source Files\LangModels</Filter>
    </ClCompile>
    <ClCompile Include="src\LangModels\LangPolishModel.cpp">
      <Filter>Source Files\LangModels</Filter>
    </ClCompile>
    <ClCompile Include="src\LangModels\LangPortugueseModel.cpp">
      <Filter>Source Files\LangModels</Filter>
    </ClCompile>
    <ClCompile Include="src\LangModels\LangRomanianModel.cpp">
      <Filter>Source Files\LangModels</Filter>
    </ClCompile>
    <ClCompile Include="src\LangModels\LangRussianModel.cpp">
      <Filter>Source Files\LangModels</Filter>
    </ClCompile>
    <ClCompile Include="src\LangModels\LangSlovakModel.cpp">
      <Filter>Source Files\LangModels</Filter>
    </ClCompile>
    <ClCompile Include="src\LangModels\LangSloveneModel.cpp">
      <Filter>Source Files\LangModels</Filter>
    </ClCompile>
    <ClCompile Include="src\LangModels\LangSpanishModel.cpp">
      <Filter>Source Files\LangModels</Filter>
    </ClCompile>
    <ClCompile Include="src\LangModels\LangSwedishModel.cpp">
      <Filter>Source Files\LangModels</Filter>
    </ClCompile>
    <ClCompile Include="src\LangModels\LangThaiModel.cpp">
      <Filter>Source Files\LangModels</Filter>
    </ClCompile>
    <ClCompile Include="src\LangModels\LangTurkishModel.cpp">
      <Filter>Source Files\LangModels</Filter>
    </ClCompile>
    <ClCompile Include="src\LangModels\LangVietnameseModel.cpp">
      <Filter>Source Files\LangModels</Filter>
    </ClCompile>
    <ClCompile Include="src\LangModels\LangArabicModel.cpp">
      <Filter>Source Files\LangModels</Filter>
    </ClCompile>
    <ClCompile Include="src\LangModels\LangBulgarianModel.cpp">
      <Filter>Source Files\LangModels</Filter>
    </ClCompile>
    <ClCompile Include="src\LangModels\LangCroatianModel.cpp">
      <Filter>Source Files\LangModels</Filter>
    </ClCompile>
    <ClCompile Include="src\LangModels\LangCzechModel.cpp">
      <Filter>Source Files\LangModels</Filter>
    </ClCompile>
    <ClCompile Include="src\LangModels\LangDanishModel.cpp">
      <Filter>Source Files\LangModels</Filter>
    </ClCompile>
    <ClCompile Include="src\LangModels\LangEsperantoModel.cpp">
      <Filter>Source Files\LangModels</Filter>
    </ClCompile>
    <ClCompile Include="src\LangModels\LangEstonianModel.cpp">
      <Filter>Source Files\LangModels</Filter>
    </ClCompile>
    <ClCompile Include="src\LangModels\LangFinnishModel.cpp">
      <Filter>Source Files\LangModels</Filter>
    </ClCompile>
    <ClCompile Include="src\LangModels\LangFrenchModel.cpp">
      <Filter>Source Files\LangModels</Filter>
    </ClCompile>
    <ClCompile Include="src\LangModels\LangGermanModel.cpp">
      <Filter>Source Files\LangModels</Filter>
    </ClCompile>
    <ClCompile Include="src\LangModels\LangGreekModel.cpp">
      <Filter>Source Files\LangModels</Filter>
    </ClCompile>
    <ClCompile Include="src\LangModels\LangHebrewModel.cpp">
      <Filter>Source Files\LangModels</Filter>
    </ClCompile>
    <ClCompile Include="src\LangModels\LangHungarianModel.cpp">
      <Filter>Source Files\LangModels</Filter>
    </ClCompile>
  </ItemGroup>
</Project>